
Microsoft Visual Studio Solution File, Format Version 12.00
# Visual Studio Version 17
VisualStudioVersion = 17.9.34723.18
MinimumVisualStudioVersion = 10.0.40219.1
Project("{2150E333-8FDC-42A3-9474-1A3956D46DE8}") = "src", "src", "{56E64B85-B207-450B-8FE5-4080A1548305}"
EndProject
Project("{2150E333-8FDC-42A3-9474-1A3956D46DE8}") = "tests", "tests", "{9026FF39-4B93-4C9C-A392-FC1A92BE036E}"
EndProject
Project("{9A19103F-16F7-4668-BE54-9A1E7A4F7556}") = "CashFlow.API", "src\CashFlow.API\CashFlow.API.csproj", "{D7CC8F96-C42A-49CE-8ED1-158CC6E90C95}"
EndProject
Project("{9A19103F-16F7-4668-BE54-9A1E7A4F7556}") = "CashFlow.Application", "src\CashFlow.Application\CashFlow.Application.csproj", "{D0C2C1A1-FE83-44B3-835C-758E99785225}"
EndProject
Project("{9A19103F-16F7-4668-BE54-9A1E7A4F7556}") = "CashFlow.Domain", "src\CashFlowDomain\CashFlow.Domain.csproj", "{EA47B33F-D68E-4531-B0B4-30E3C2A9C09F}"
EndProject
Project("{9A19103F-16F7-4668-BE54-9A1E7A4F7556}") = "CashFlow.Communication", "src\CashFlow.Communication\CashFlow.Communication.csproj", "{362F08E8-3DD0-4F9F-AD9B-B3EFE6162187}"
EndProject
Project("{9A19103F-16F7-4668-BE54-9A1E7A4F7556}") = "CashFlow.Exception", "src\CashFlow.Exception\CashFlow.Exception.csproj", "{62D52A42-1E6A-4939-B99D-EE61B600525A}"
EndProject
Project("{9A19103F-16F7-4668-BE54-9A1E7A4F7556}") = "CashFlow.Infrastructure", "src\CashFlow.Infrastructure\CashFlow.Infrastructure.csproj", "{3B80038F-459C-4A32-987D-BBC9FB2B6391}"
EndProject
Project("{9A19103F-16F7-4668-BE54-9A1E7A4F7556}") = "Validators.Tests", "tests\Validators.Tests\Validators.Tests.csproj", "{2A874F3E-00F9-402B-8D0C-BE9B94985127}"
EndProject
Project("{9A19103F-16F7-4668-BE54-9A1E7A4F7556}") = "CommonTestUtilities", "tests\CommonTestUtilities\CommonTestUtilities.csproj", "{120536C2-B4DD-485E-B820-C72EDEC86F47}"
EndProject
Project("{FAE04EC0-301F-11D3-BF4B-00C04F79EFBC}") = "UseCases.Test", "tests\UseCases.Test\UseCases.Test.csproj", "{114854DA-1ECD-4EC6-856B-4E6418B2CE6B}"
EndProject
Global
	GlobalSection(SolutionConfigurationPlatforms) = preSolution
		Debug|Any CPU = Debug|Any CPU
		Release|Any CPU = Release|Any CPU
	EndGlobalSection
	GlobalSection(ProjectConfigurationPlatforms) = postSolution
		{D7CC8F96-C42A-49CE-8ED1-158CC6E90C95}.Debug|Any CPU.ActiveCfg = Debug|Any CPU
		{D7CC8F96-C42A-49CE-8ED1-158CC6E90C95}.Debug|Any CPU.Build.0 = Debug|Any CPU
		{D7CC8F96-C42A-49CE-8ED1-158CC6E90C95}.Release|Any CPU.ActiveCfg = Release|Any CPU
		{D7CC8F96-C42A-49CE-8ED1-158CC6E90C95}.Release|Any CPU.Build.0 = Release|Any CPU
		{D0C2C1A1-FE83-44B3-835C-758E99785225}.Debug|Any CPU.ActiveCfg = Debug|Any CPU
		{D0C2C1A1-FE83-44B3-835C-758E99785225}.Debug|Any CPU.Build.0 = Debug|Any CPU
		{D0C2C1A1-FE83-44B3-835C-758E99785225}.Release|Any CPU.ActiveCfg = Release|Any CPU
		{D0C2C1A1-FE83-44B3-835C-758E99785225}.Release|Any CPU.Build.0 = Release|Any CPU
		{EA47B33F-D68E-4531-B0B4-30E3C2A9C09F}.Debug|Any CPU.ActiveCfg = Debug|Any CPU
		{EA47B33F-D68E-4531-B0B4-30E3C2A9C09F}.Debug|Any CPU.Build.0 = Debug|Any CPU
		{EA47B33F-D68E-4531-B0B4-30E3C2A9C09F}.Release|Any CPU.ActiveCfg = Release|Any CPU
		{EA47B33F-D68E-4531-B0B4-30E3C2A9C09F}.Release|Any CPU.Build.0 = Release|Any CPU
		{362F08E8-3DD0-4F9F-AD9B-B3EFE6162187}.Debug|Any CPU.ActiveCfg = Debug|Any CPU
		{362F08E8-3DD0-4F9F-AD9B-B3EFE6162187}.Debug|Any CPU.Build.0 = Debug|Any CPU
		{362F08E8-3DD0-4F9F-AD9B-B3EFE6162187}.Release|Any CPU.ActiveCfg = Release|Any CPU
		{362F08E8-3DD0-4F9F-AD9B-B3EFE6162187}.Release|Any CPU.Build.0 = Release|Any CPU
		{62D52A42-1E6A-4939-B99D-EE61B600525A}.Debug|Any CPU.ActiveCfg = Debug|Any CPU
		{62D52A42-1E6A-4939-B99D-EE61B600525A}.Debug|Any CPU.Build.0 = Debug|Any CPU
		{62D52A42-1E6A-4939-B99D-EE61B600525A}.Release|Any CPU.ActiveCfg = Release|Any CPU
		{62D52A42-1E6A-4939-B99D-EE61B600525A}.Release|Any CPU.Build.0 = Release|Any CPU
		{3B80038F-459C-4A32-987D-BBC9FB2B6391}.Debug|Any CPU.ActiveCfg = Debug|Any CPU
		{3B80038F-459C-4A32-987D-BBC9FB2B6391}.Debug|Any CPU.Build.0 = Debug|Any CPU
		{3B80038F-459C-4A32-987D-BBC9FB2B6391}.Release|Any CPU.ActiveCfg = Release|Any CPU
		{3B80038F-459C-4A32-987D-BBC9FB2B6391}.Release|Any CPU.Build.0 = Release|Any CPU
		{2A874F3E-00F9-402B-8D0C-BE9B94985127}.Debug|Any CPU.ActiveCfg = Debug|Any CPU
		{2A874F3E-00F9-402B-8D0C-BE9B94985127}.Debug|Any CPU.Build.0 = Debug|Any CPU
		{2A874F3E-00F9-402B-8D0C-BE9B94985127}.Release|Any CPU.ActiveCfg = Release|Any CPU
		{2A874F3E-00F9-402B-8D0C-BE9B94985127}.Release|Any CPU.Build.0 = Release|Any CPU
		{120536C2-B4DD-485E-B820-C72EDEC86F47}.Debug|Any CPU.ActiveCfg = Debug|Any CPU
		{120536C2-B4DD-485E-B820-C72EDEC86F47}.Debug|Any CPU.Build.0 = Debug|Any CPU
		{120536C2-B4DD-485E-B820-C72EDEC86F47}.Release|Any CPU.ActiveCfg = Release|Any CPU
		{120536C2-B4DD-485E-B820-C72EDEC86F47}.Release|Any CPU.Build.0 = Release|Any CPU
		{114854DA-1ECD-4EC6-856B-4E6418B2CE6B}.Debug|Any CPU.ActiveCfg = Debug|Any CPU
		{114854DA-1ECD-4EC6-856B-4E6418B2CE6B}.Debug|Any CPU.Build.0 = Debug|Any CPU
		{114854DA-1ECD-4EC6-856B-4E6418B2CE6B}.Release|Any CPU.ActiveCfg = Release|Any CPU
		{114854DA-1ECD-4EC6-856B-4E6418B2CE6B}.Release|Any CPU.Build.0 = Release|Any CPU
	EndGlobalSection
	GlobalSection(SolutionProperties) = preSolution
		HideSolutionNode = FALSE
	EndGlobalSection
	GlobalSection(NestedProjects) = preSolution
		{D7CC8F96-C42A-49CE-8ED1-158CC6E90C95} = {56E64B85-B207-450B-8FE5-4080A1548305}
		{D0C2C1A1-FE83-44B3-835C-758E99785225} = {56E64B85-B207-450B-8FE5-4080A1548305}
		{EA47B33F-D68E-4531-B0B4-30E3C2A9C09F} = {56E64B85-B207-450B-8FE5-4080A1548305}
		{362F08E8-3DD0-4F9F-AD9B-B3EFE6162187} = {56E64B85-B207-450B-8FE5-4080A1548305}
		{62D52A42-1E6A-4939-B99D-EE61B600525A} = {56E64B85-B207-450B-8FE5-4080A1548305}
		{3B80038F-459C-4A32-987D-BBC9FB2B6391} = {56E64B85-B207-450B-8FE5-4080A1548305}
		{2A874F3E-00F9-402B-8D0C-BE9B94985127} = {9026FF39-4B93-4C9C-A392-FC1A92BE036E}
		{120536C2-B4DD-485E-B820-C72EDEC86F47} = {9026FF39-4B93-4C9C-A392-FC1A92BE036E}
		{114854DA-1ECD-4EC6-856B-4E6418B2CE6B} = {9026FF39-4B93-4C9C-A392-FC1A92BE036E}
	EndGlobalSection
	GlobalSection(ExtensibilityGlobals) = postSolution
		SolutionGuid = {500C6C0B-5C81-4043-89CD-7C6DEC17AB6B}
	EndGlobalSection
EndGlobal
